
Microsoft Visual Studio Solution File, Format Version 12.00
# Visual Studio Version 17
VisualStudioVersion = 17.0.31903.59
MinimumVisualStudioVersion = 10.0.40219.1
Project("{FAE04EC0-301F-11D3-BF4B-00C04F79EFBC}") = "DemoServer", "DemoServer\DemoServer.csproj", "{7F718378-2CBA-4FB1-BBBF-FC7C3C8EDFD3}"
EndProject
Project("{2150E333-8FDC-42A3-9474-1A3956D46DE8}") = "DemoServer", "DemoServer", "{7C45CFD4-DF2C-4FA8-BA46-5B6E31B7D9C5}"
EndProject
Project("{FAE04EC0-301F-11D3-BF4B-00C04F79EFBC}") = "Interfaces", "DemoServer\Interfaces\Interfaces.csproj", "{B00CF561-5B2A-4301-AAA5-F133B79127B0}"
EndProject
Project("{FAE04EC0-301F-11D3-BF4B-00C04F79EFBC}") = "Models", "DemoServer\Models\Models.csproj", "{A56E412C-38EE-4DAB-99C2-1C64EE63C2FE}"
EndProject
Project("{FAE04EC0-301F-11D3-BF4B-00C04F79EFBC}") = "Database", "DemoServer\Database\Database.csproj", "{621F8BA2-0781-43ED-85A0-9FCD89626989}"
EndProject
Project("{FAE04EC0-301F-11D3-BF4B-00C04F79EFBC}") = "Validations", "DemoServer\Validations\Validations.csproj", "{1C538537-7D23-4597-B82E-6F056D1C4EE3}"
EndProject
Global
	GlobalSection(SolutionConfigurationPlatforms) = preSolution
		Debug|Any CPU = Debug|Any CPU
		Release|Any CPU = Release|Any CPU
	EndGlobalSection
	GlobalSection(SolutionProperties) = preSolution
		HideSolutionNode = FALSE
	EndGlobalSection
	GlobalSection(ProjectConfigurationPlatforms) = postSolution
		{7F718378-2CBA-4FB1-BBBF-FC7C3C8EDFD3}.Debug|Any CPU.ActiveCfg = Debug|Any CPU
		{7F718378-2CBA-4FB1-BBBF-FC7C3C8EDFD3}.Debug|Any CPU.Build.0 = Debug|Any CPU
		{7F718378-2CBA-4FB1-BBBF-FC7C3C8EDFD3}.Release|Any CPU.ActiveCfg = Release|Any CPU
		{7F718378-2CBA-4FB1-BBBF-FC7C3C8EDFD3}.Release|Any CPU.Build.0 = Release|Any CPU
		{B00CF561-5B2A-4301-AAA5-F133B79127B0}.Debug|Any CPU.ActiveCfg = Debug|Any CPU
		{B00CF561-5B2A-4301-AAA5-F133B79127B0}.Debug|Any CPU.Build.0 = Debug|Any CPU
		{B00CF561-5B2A-4301-AAA5-F133B79127B0}.Release|Any CPU.ActiveCfg = Release|Any CPU
		{B00CF561-5B2A-4301-AAA5-F133B79127B0}.Release|Any CPU.Build.0 = Release|Any CPU
		{A56E412C-38EE-4DAB-99C2-1C64EE63C2FE}.Debug|Any CPU.ActiveCfg = Debug|Any CPU
		{A56E412C-38EE-4DAB-99C2-1C64EE63C2FE}.Debug|Any CPU.Build.0 = Debug|Any CPU
		{A56E412C-38EE-4DAB-99C2-1C64EE63C2FE}.Release|Any CPU.ActiveCfg = Release|Any CPU
		{A56E412C-38EE-4DAB-99C2-1C64EE63C2FE}.Release|Any CPU.Build.0 = Release|Any CPU
		{621F8BA2-0781-43ED-85A0-9FCD89626989}.Debug|Any CPU.ActiveCfg = Debug|Any CPU
		{621F8BA2-0781-43ED-85A0-9FCD89626989}.Debug|Any CPU.Build.0 = Debug|Any CPU
		{621F8BA2-0781-43ED-85A0-9FCD89626989}.Release|Any CPU.ActiveCfg = Release|Any CPU
		{621F8BA2-0781-43ED-85A0-9FCD89626989}.Release|Any CPU.Build.0 = Release|Any CPU
		{1C538537-7D23-4597-B82E-6F056D1C4EE3}.Debug|Any CPU.ActiveCfg = Debug|Any CPU
		{1C538537-7D23-4597-B82E-6F056D1C4EE3}.Debug|Any CPU.Build.0 = Debug|Any CPU
		{1C538537-7D23-4597-B82E-6F056D1C4EE3}.Release|Any CPU.ActiveCfg = Release|Any CPU
		{1C538537-7D23-4597-B82E-6F056D1C4EE3}.Release|Any CPU.Build.0 = Release|Any CPU
	EndGlobalSection
	GlobalSection(NestedProjects) = preSolution
		{7F718378-2CBA-4FB1-BBBF-FC7C3C8EDFD3} = {7C45CFD4-DF2C-4FA8-BA46-5B6E31B7D9C5}
		{B00CF561-5B2A-4301-AAA5-F133B79127B0} = {7C45CFD4-DF2C-4FA8-BA46-5B6E31B7D9C5}
		{A56E412C-38EE-4DAB-99C2-1C64EE63C2FE} = {7C45CFD4-DF2C-4FA8-BA46-5B6E31B7D9C5}
		{621F8BA2-0781-43ED-85A0-9FCD89626989} = {7C45CFD4-DF2C-4FA8-BA46-5B6E31B7D9C5}
		{1C538537-7D23-4597-B82E-6F056D1C4EE3} = {7C45CFD4-DF2C-4FA8-BA46-5B6E31B7D9C5}
	EndGlobalSection
EndGlobal
